{
  "name": "serverless-tinyfaas",
  "version": "1.0.1",
  "lockfileVersion": 3,
  "requires": true,
  "packages": {
    "": {
      "name": "serverless-tinyfaas",
      "version": "1.0.1",
      "dependencies": {
        "serverless-tinyfaas": "^1.0.1"
      }
    },
    "node_modules/serverless-tinyfaas": {
      "version": "1.0.1",
      "resolved": "https://registry.npmjs.org/serverless-tinyfaas/-/serverless-tinyfaas-1.0.1.tgz",
      "integrity": "sha512-VPTOX4IhrRroxBLRzGPFqymfK+1AtxFlfCPmBK43lsJ/HzlGiCN8osVP+pna0Gpmn4ZfRePTo+zhpPKPBFQy8A==",
      "dependencies": {
        "serverless-tinyfaas": "^1.0.0"
      }
    }
  }
}
